
Microsoft Visual Studio Solution File, Format Version 12.00
# Visual Studio 15
VisualStudioVersion = 15.0.27130.2003
MinimumVisualStudioVersion = 10.0.40219.1
Project("{FAE04EC0-301F-11D3-BF4B-00C04F79EFBC}") = "TestFixtureProject", "TestFixtureProject\TestFixtureProject.csproj", "{E2E61279-D1A7-4DCB-AFFD-C7B82E479C7E}"
EndProject
Project("{54435603-DBB4-11D2-8724-00A0C9A8B90C}") = "IllumaVisionEOLTesterSetup", "Installer\IllumaVisionEOLTesterSetup\IllumaVisionEOLTesterSetup.vdproj", "{984E0EA2-2B28-44DC-A002-181F46090D6C}"
EndProject
Global
	GlobalSection(SolutionConfigurationPlatforms) = preSolution
		Debug|Any CPU = Debug|Any CPU
		Debug|x64 = Debug|x64
		Debug|x86 = Debug|x86
		Release|Any CPU = Release|Any CPU
		Release|x64 = Release|x64
		Release|x86 = Release|x86
	EndGlobalSection
	GlobalSection(ProjectConfigurationPlatforms) = postSolution
		{E2E61279-D1A7-4DCB-AFFD-C7B82E479C7E}.Debug|Any CPU.ActiveCfg = Debug|Any CPU
		{E2E61279-D1A7-4DCB-AFFD-C7B82E479C7E}.Debug|Any CPU.Build.0 = Debug|Any CPU
		{E2E61279-D1A7-4DCB-AFFD-C7B82E479C7E}.Debug|x64.ActiveCfg = Debug|Any CPU
		{E2E61279-D1A7-4DCB-AFFD-C7B82E479C7E}.Debug|x64.Build.0 = Debug|Any CPU
		{E2E61279-D1A7-4DCB-AFFD-C7B82E479C7E}.Debug|x86.ActiveCfg = Debug|Any CPU
		{E2E61279-D1A7-4DCB-AFFD-C7B82E479C7E}.Debug|x86.Build.0 = Debug|Any CPU
		{E2E61279-D1A7-4DCB-AFFD-C7B82E479C7E}.Release|Any CPU.ActiveCfg = Release|Any CPU
		{E2E61279-D1A7-4DCB-AFFD-C7B82E479C7E}.Release|Any CPU.Build.0 = Release|Any CPU
		{E2E61279-D1A7-4DCB-AFFD-C7B82E479C7E}.Release|x64.ActiveCfg = Release|Any CPU
		{E2E61279-D1A7-4DCB-AFFD-C7B82E479C7E}.Release|x64.Build.0 = Release|Any CPU
		{E2E61279-D1A7-4DCB-AFFD-C7B82E479C7E}.Release|x86.ActiveCfg = Release|Any CPU
		{E2E61279-D1A7-4DCB-AFFD-C7B82E479C7E}.Release|x86.Build.0 = Release|Any CPU
		{984E0EA2-2B28-44DC-A002-181F46090D6C}.Debug|Any CPU.ActiveCfg = Debug
		{984E0EA2-2B28-44DC-A002-181F46090D6C}.Debug|x64.ActiveCfg = Debug
		{984E0EA2-2B28-44DC-A002-181F46090D6C}.Debug|x86.ActiveCfg = Debug
		{984E0EA2-2B28-44DC-A002-181F46090D6C}.Release|Any CPU.ActiveCfg = Release
		{984E0EA2-2B28-44DC-A002-181F46090D6C}.Release|x64.ActiveCfg = Release
		{984E0EA2-2B28-44DC-A002-181F46090D6C}.Release|x86.ActiveCfg = Release
	EndGlobalSection
	GlobalSection(SolutionProperties) = preSolution
		HideSolutionNode = FALSE
	EndGlobalSection
	GlobalSection(ExtensibilityGlobals) = postSolution
		SolutionGuid = {4E09B18B-ED03-4FA6-B90C-45D76ED08D51}
	EndGlobalSection
EndGlobal
